// !$*UTF8*$!
{
	archiveVersion = 1;
	classes = {
	};
	objectVersion = 46;
	objects = {

/* Begin PBXBuildFile section */
		D5EA82C11D810CF2004A85FC /* AppDelegate.swift in Sources */ = {isa = PBXBuildFile; fileRef = D5EA82C01D810CF2004A85FC /* AppDelegate.swift */; };
		D5EA82C31D810CF2004A85FC /* ViewController.swift in Sources */ = {isa = PBXBuildFile; fileRef = D5EA82C21D810CF2004A85FC /* ViewController.swift */; };
		D5EA82C61D810CF2004A85FC /* Main.storyboard in Resources */ = {isa = PBXBuildFile; fileRef = D5EA82C41D810CF2004A85FC /* Main.storyboard */; };
		D5EA82C81D810CF2004A85FC /* Assets.xcassets in Resources */ = {isa = PBXBuildFile; fileRef = D5EA82C71D810CF2004A85FC /* Assets.xcassets */; };
		D5EA82CB1D810CF2004A85FC /* LaunchScreen.storyboard in Resources */ = {isa = PBXBuildFile; fileRef = D5EA82C91D810CF2004A85FC /* LaunchScreen.storyboard */; };
		D5EA82D61D810CF3004A85FC /* WeiboTests.swift in Sources */ = {isa = PBXBuildFile; fileRef = D5EA82D51D810CF3004A85FC /* WeiboTests.swift */; };
		D5EA82E11D810CF3004A85FC /* WeiboUITests.swift in Sources */ = {isa = PBXBuildFile; fileRef = D5EA82E01D810CF3004A85FC /* WeiboUITests.swift */; };
/* End PBXBuildFile section */

/* Begin PBXContainerItemProxy section */
		D5EA82D21D810CF3004A85FC /* PBXContainerItemProxy */ = {
			isa = PBXContainerItemProxy;
			containerPortal = D5EA82B51D810CF2004A85FC /* Project object */;
			proxyType = 1;
			remoteGlobalIDString = D5EA82BC1D810CF2004A85FC;
			remoteInfo = Weibo;
		};
		D5EA82DD1D810CF3004A85FC /* PBXContainerItemProxy */ = {
			isa = PBXContainerItemProxy;
			containerPortal = D5EA82B51D810CF2004A85FC /* Project object */;
			proxyType = 1;
			remoteGlobalIDString = D5EA82BC1D810CF2004A85FC;
			remoteInfo = Weibo;
		};
/* End PBXContainerItemProxy section */

/* Begin PBXFileReference section */
		D5EA82BD1D810CF2004A85FC /* Weibo.app */ = {isa = PBXFileReference; explicitFileType = wrapper.application; includeInIndex = 0; path = Weibo.app; sourceTree = BUILT_PRODUCTS_DIR; };
		D5EA82C01D810CF2004A85FC /* AppDelegate.swift */ = {isa = PBXFileReference; lastKnownFileType = sourcecode.swift; path = AppDelegate.swift; sourceTree = "<group>"; };
		D5EA82C21D810CF2004A85FC /* ViewController.swift */ = {isa = PBXFileReference; lastKnownFileType = sourcecode.swift; path = ViewController.swift; sourceTree = "<group>"; };
		D5EA82C51D810CF2004A85FC /* Base */ = {isa = PBXFileReference; lastKnownFileType = file.storyboard; name = Base; path = Base.lproj/Main.storyboard; sourceTree = "<group>"; };
		D5EA82C71D810CF2004A85FC /* Assets.xcassets */ = {isa = PBXFileReference; lastKnownFileType = folder.assetcatalog; path = Assets.xcassets; sourceTree = "<group>"; };
		D5EA82CA1D810CF2004A85FC /* Base */ = {isa = PBXFileReference; lastKnownFileType = file.storyboard; name = Base; path = Base.lproj/LaunchScreen.storyboard; sourceTree = "<group>"; };
		D5EA82CC1D810CF2004A85FC /* Info.plist */ = {isa = PBXFileReference; lastKnownFileType = text.plist.xml; path = Info.plist; sourceTree = "<group>"; };
		D5EA82D11D810CF3004A85FC /* WeiboTests.xctest */ = {isa = PBXFileReference; explicitFileType = wrapper.cfbundle; includeInIndex = 0; path = WeiboTests.xctest; sourceTree = BUILT_PRODUCTS_DIR; };
		D5EA82D51D810CF3004A85FC /* WeiboTests.swift */ = {isa = PBXFileReference; lastKnownFileType = sourcecode.swift; path = WeiboTests.swift; sourceTree = "<group>"; };
		D5EA82D71D810CF3004A85FC /* Info.plist */ = {isa = PBXFileReference; lastKnownFileType = text.plist.xml; path = Info.plist; sourceTree = "<group>"; };
		D5EA82DC1D810CF3004A85FC /* WeiboUITests.xctest */ = {isa = PBXFileReference; explicitFileType = wrapper.cfbundle; includeInIndex = 0; path = WeiboUITests.xctest; sourceTree = BUILT_PRODUCTS_DIR; };
		D5EA82E01D810CF3004A85FC /* WeiboUITests.swift */ = {isa = PBXFileReference; lastKnownFileType = sourcecode.swift; path = WeiboUITests.swift; sourceTree = "<group>"; };
		D5EA82E21D810CF3004A85FC /* Info.plist */ = {isa = PBXFileReference; lastKnownFileType = text.plist.xml; path = Info.plist; sourceTree = "<group>"; };
/* End PBXFileReference section */

/* Begin PBXFrameworksBuildPhase section */
		D5EA82BA1D810CF2004A85FC /* Frameworks */ = {
			isa = PBXFrameworksBuildPhase;
			buildActionMask = 2147483647;
			files = (
			);
			runOnlyForDeploymentPostprocessing = 0;
		};
		D5EA82CE1D810CF3004A85FC /* Frameworks */ = {
			isa = PBXFrameworksBuildPhase;
			buildActionMask = 2147483647;
			files = (
			);
			runOnlyForDeploymentPostprocessing = 0;
		};
		D5EA82D91D810CF3004A85FC /* Frameworks */ = {
			isa = PBXFrameworksBuildPhase;
			buildActionMask = 2147483647;
			files = (
			);
			runOnlyForDeploymentPostprocessing = 0;
		};
/* End PBXFrameworksBuildPhase section */

/* Begin PBXGroup section */
		D5EA82B41D810CF2004A85FC = {
			isa = PBXGroup;
			children = (
				D5EA82BF1D810CF2004A85FC /* Weibo */,
				D5EA82D41D810CF3004A85FC /* WeiboTests */,
				D5EA82DF1D810CF3004A85FC /* WeiboUITests */,
				D5EA82BE1D810CF2004A85FC /* Products */,
			);
			sourceTree = "<group>";
		};
		D5EA82BE1D810CF2004A85FC /* Products */ = {
			isa = PBXGroup;
			children = (
				D5EA82BD1D810CF2004A85FC /* Weibo.app */,
				D5EA82D11D810CF3004A85FC /* WeiboTests.xctest */,
				D5EA82DC1D810CF3004A85FC /* WeiboUITests.xctest */,
			);
			name = Products;
			sourceTree = "<group>";
		};
		D5EA82BF1D810CF2004A85FC /* Weibo */ = {
			isa = PBXGroup;
			children = (
				D5EA82C01D810CF2004A85FC /* AppDelegate.swift */,
				D5EA82C21D810CF2004A85FC /* ViewController.swift */,
				D5EA82C41D810CF2004A85FC /* Main.storyboard */,
				D5EA82C71D810CF2004A85FC /* Assets.xcassets */,
				D5EA82C91D810CF2004A85FC /* LaunchScreen.storyboard */,
				D5EA82CC1D810CF2004A85FC /* Info.plist */,
			);
			path = Weibo;
			sourceTree = "<group>";
		};
		D5EA82D41D810CF3004A85FC /* WeiboTests */ = {
			isa = PBXGroup;
			children = (
				D5EA82D51D810CF3004A85FC /* WeiboTests.swift */,
				D5EA82D71D810CF3004A85FC /* Info.plist */,
			);
			path = WeiboTests;
			sourceTree = "<group>";
		};
		D5EA82DF1D810CF3004A85FC /* WeiboUITests */ = {
			isa = PBXGroup;
			children = (
				D5EA82E01D810CF3004A85FC /* WeiboUITests.swift */,
				D5EA82E21D810CF3004A85FC /* Info.plist */,
			);
			path = WeiboUITests;
			sourceTree = "<group>";
		};
/* End PBXGroup section */

/* Begin PBXNativeTarget section */
		D5EA82BC1D810CF2004A85FC /* Weibo */ = {
			isa = PBXNativeTarget;
			buildConfigurationList = D5EA82E51D810CF3004A85FC /* Build configuration list for PBXNativeTarget "Weibo" */;
			buildPhases = (
				D5EA82B91D810CF2004A85FC /* Sources */,
				D5EA82BA1D810CF2004A85FC /* Frameworks */,
				D5EA82BB1D810CF2004A85FC /* Resources */,
			);
			buildRules = (
			);
			dependencies = (
			);
			name = Weibo;
			productName = Weibo;
			productReference = D5EA82BD1D810CF2004A85FC /* Weibo.app */;
			productType = "com.apple.product-type.application";
		};
		D5EA82D01D810CF3004A85FC /* WeiboTests */ = {
			isa = PBXNativeTarget;
			buildConfigurationList = D5EA82E81D810CF3004A85FC /* Build configuration list for PBXNativeTarget "WeiboTests" */;
			buildPhases = (
				D5EA82CD1D810CF3004A85FC /* Sources */,
				D5EA82CE1D810CF3004A85FC /* Frameworks */,
				D5EA82CF1D810CF3004A85FC /* Resources */,
			);
			buildRules = (
			);
			dependencies = (
				D5EA82D31D810CF3004A85FC /* PBXTargetDependency */,
			);
			name = WeiboTests;
			productName = WeiboTests;
			productReference = D5EA82D11D810CF3004A85FC /* WeiboTests.xctest */;
			productType = "com.apple.product-type.bundle.unit-test";
		};
		D5EA82DB1D810CF3004A85FC /* WeiboUITests */ = {
			isa = PBXNativeTarget;
			buildConfigurationList = D5EA82EB1D810CF3004A85FC /* Build configuration list for PBXNativeTarget "WeiboUITests" */;
			buildPhases = (
				D5EA82D81D810CF3004A85FC /* Sources */,
				D5EA82D91D810CF3004A85FC /* Frameworks */,
				D5EA82DA1D810CF3004A85FC /* Resources */,
			);
			buildRules = (
			);
			dependencies = (
				D5EA82DE1D810CF3004A85FC /* PBXTargetDependency */,
			);
			name = WeiboUITests;
			productName = WeiboUITests;
			productReference = D5EA82DC1D810CF3004A85FC /* WeiboUITests.xctest */;
			productType = "com.apple.product-type.bundle.ui-testing";
		};
/* End PBXNativeTarget section */

/* Begin PBXProject section */
		D5EA82B51D810CF2004A85FC /* Project object */ = {
			isa = PBXProject;
			attributes = {
				LastSwiftUpdateCheck = 0730;
				LastUpgradeCheck = 0730;
				ORGANIZATIONNAME = Merlini;
				TargetAttributes = {
					D5EA82BC1D810CF2004A85FC = {
						CreatedOnToolsVersion = 7.3.1;
					};
					D5EA82D01D810CF3004A85FC = {
						CreatedOnToolsVersion = 7.3.1;
						TestTargetID = D5EA82BC1D810CF2004A85FC;
					};
					D5EA82DB1D810CF3004A85FC = {
						CreatedOnToolsVersion = 7.3.1;
						TestTargetID = D5EA82BC1D810CF2004A85FC;
					};
				};
			};
			buildConfigurationList = D5EA82B81D810CF2004A85FC /* Build configuration list for PBXProject "Weibo" */;
			compatibilityVersion = "Xcode 3.2";
			developmentRegion = English;
			hasScannedForEncodings = 0;
			knownRegions = (
				en,
				Base,
			);
			mainGroup = D5EA82B41D810CF2004A85FC;
			productRefGroup = D5EA82BE1D810CF2004A85FC /* Products */;
			projectDirPath = "";
			projectRoot = "";
			targets = (
				D5EA82BC1D810CF2004A85FC /* Weibo */,
				D5EA82D01D810CF3004A85FC /* WeiboTests */,
				D5EA82DB1D810CF3004A85FC /* WeiboUITests */,
			);
		};
/* End PBXProject section */

/* Begin PBXResourcesBuildPhase section */
		D5EA82BB1D810CF2004A85FC /* Resources */ = {
			isa = PBXResourcesBuildPhase;
			buildActionMask = 2147483647;
			files = (
				D5EA82CB1D810CF2004A85FC /* LaunchScreen.storyboard in Resources */,
				D5EA82C81D810CF2004A85FC /* Assets.xcassets in Resources */,
				D5EA82C61D810CF2004A85FC /* Main.storyboard in Resources */,
			);
			runOnlyForDeploymentPostprocessing = 0;
		};
		D5EA82CF1D810CF3004A85FC /* Resources */ = {
			isa = PBXResourcesBuildPhase;
			buildActionMask = 2147483647;
			files = (
			);
			runOnlyForDeploymentPostprocessing = 0;
		};
		D5EA82DA1D810CF3004A85FC /* Resources */ = {
			isa = PBXResourcesBuildPhase;
			buildActionMask = 2147483647;
			files = (
			);
			runOnlyForDeploymentPostprocessing = 0;
		};
/* End PBXResourcesBuildPhase section */

/* Begin PBXSourcesBuildPhase section */
		D5EA82B91D810CF2004A85FC /* Sources */ = {
			isa = PBXSourcesBuildPhase;
			buildActionMask = 2147483647;
			files = (
				D5EA82C31D810CF2004A85FC /* ViewController.swift in Sources */,
				D5EA82C11D810CF2004A85FC /* AppDelegate.swift in Sources */,
			);
			runOnlyForDeploymentPostprocessing = 0;
		};
		D5EA82CD1D810CF3004A85FC /* Sources */ = {
			isa = PBXSourcesBuildPhase;
			buildActionMask = 2147483647;
			files = (
				D5EA82D61D810CF3004A85FC /* WeiboTests.swift in Sources */,
			);
			runOnlyForDeploymentPostprocessing = 0;
		};
		D5EA82D81D810CF3004A85FC /* Sources */ = {
			isa = PBXSourcesBuildPhase;
			buildActionMask = 2147483647;
			files = (
				D5EA82E11D810CF3004A85FC /* WeiboUITests.swift in Sources */,
			);
			runOnlyForDeploymentPostprocessing = 0;
		};
/* End PBXSourcesBuildPhase section */

/* Begin PBXTargetDependency section */
		D5EA82D31D810CF3004A85FC /* PBXTargetDependency */ = {
			isa = PBXTargetDependency;
			target = D5EA82BC1D810CF2004A85FC /* Weibo */;
			targetProxy = D5EA82D21D810CF3004A85FC /* PBXContainerItemProxy */;
		};
		D5EA82DE1D810CF3004A85FC /* PBXTargetDependency */ = {
			isa = PBXTargetDependency;
			target = D5EA82BC1D810CF2004A85FC /* Weibo */;
			targetProxy = D5EA82DD1D810CF3004A85FC /* PBXContainerItemProxy */;
		};
/* End PBXTargetDependency section */

/* Begin PBXVariantGroup section */
		D5EA82C41D810CF2004A85FC /* Main.storyboard */ = {
			isa = PBXVariantGroup;
			children = (
				D5EA82C51D810CF2004A85FC /* Base */,
			);
			name = Main.storyboard;
			sourceTree = "<group>";
		};
		D5EA82C91D810CF2004A85FC /* LaunchScreen.storyboard */ = {
			isa = PBXVariantGroup;
			children = (
				D5EA82CA1D810CF2004A85FC /* Base */,
			);
			name = LaunchScreen.storyboard;
			sourceTree = "<group>";
		};
/* End PBXVariantGroup section */

/* Begin XCBuildConfiguration section */
		D5EA82E31D810CF3004A85FC /* Debug */ = {
			isa = XCBuildConfiguration;
			buildSettings = {
				ALWAYS_SEARCH_USER_PATHS = NO;
				CLANG_ANALYZER_NONNULL = YES;
				CLANG_CXX_LANGUAGE_STANDARD = "gnu++0x";
				CLANG_CXX_LIBRARY = "libc++";
				CLANG_ENABLE_MODULES = YES;
				CLANG_ENABLE_OBJC_ARC = YES;
				CLANG_WARN_BOOL_CONVERSION = YES;
				CLANG_WARN_CONSTANT_CONVERSION = YES;
				CLANG_WARN_DIRECT_OBJC_ISA_USAGE = YES_ERROR;
				CLANG_WARN_EMPTY_BODY = YES;
				CLANG_WARN_ENUM_CONVERSION = YES;
				CLANG_WARN_INT_CONVERSION = YES;
				CLANG_WARN_OBJC_ROOT_CLASS = YES_ERROR;
				CLANG_WARN_UNREACHABLE_CODE = YES;
				CLANG_WARN__DUPLICATE_METHOD_MATCH = YES;
				"CODE_SIGN_IDENTITY[sdk=iphoneos*]" = "iPhone Developer";
				COPY_PHASE_STRIP = NO;
				DEBUG_INFORMATION_FORMAT = dwarf;
				ENABLE_STRICT_OBJC_MSGSEND = YES;
				ENABLE_TESTABILITY = YES;
				GCC_C_LANGUAGE_STANDARD = gnu99;
				GCC_DYNAMIC_NO_PIC = NO;
				GCC_NO_COMMON_BLOCKS = YES;
				GCC_OPTIMIZATION_LEVEL = 0;
				GCC_PREPROCESSOR_DEFINITIONS = (
					"DEBUG=1",
					"$(inherited)",
				);
				GCC_WARN_64_TO_32_BIT_CONVERSION = YES;
				GCC_WARN_ABOUT_RETURN_TYPE = YES_ERROR;
				GCC_WARN_UNDECLARED_SELECTOR = YES;
				GCC_WARN_UNINITIALIZED_AUTOS = YES_AGGRESSIVE;
				GCC_WARN_UNUSED_FUNCTION = YES;
				GCC_WARN_UNUSED_VARIABLE = YES;
				IPHONEOS_DEPLOYMENT_TARGET = 9.3;
				MTL_ENABLE_DEBUG_INFO = YES;
				ONLY_ACTIVE_ARCH = YES;
				SDKROOT = iphoneos;
				SWIFT_OPTIMIZATION_LEVEL = "-Onone";
			};
			name = Debug;
		};
		D5EA82E41D810CF3004A85FC /* Release */ = {
			isa = XCBuildConfiguration;
			buildSettings = {
				ALWAYS_SEARCH_USER_PATHS = NO;
				CLANG_ANALYZER_NONNULL = YES;
				CLANG_CXX_LANGUAGE_STANDARD = "gnu++0x";
				CLANG_CXX_LIBRARY = "libc++";
				CLANG_ENABLE_MODULES = YES;
				CLANG_ENABLE_OBJC_ARC = YES;
				CLANG_WARN_BOOL_CONVERSION = YES;
				CLANG_WARN_CONSTANT_CONVERSION = YES;
				CLANG_WARN_DIRECT_OBJC_ISA_USAGE = YES_ERROR;
				CLANG_WARN_EMPTY_BODY = YES;
				CLANG_WARN_ENUM_CONVERSION = YES;
				CLANG_WARN_INT_CONVERSION = YES;
				CLANG_WARN_OBJC_ROOT_CLASS = YES_ERROR;
				CLANG_WARN_UNREACHABLE_CODE = YES;
				CLANG_WARN__DUPLICATE_METHOD_MATCH = YES;
				"CODE_SIGN_IDENTITY[sdk=iphoneos*]" = "iPhone Developer";
				COPY_PHASE_STRIP = NO;
				DEBUG_INFORMATION_FORMAT = "dwarf-with-dsym";
				ENABLE_NS_ASSERTIONS = NO;
				ENABLE_STRICT_OBJC_MSGSEND = YES;
				GCC_C_LANGUAGE_STANDARD = gnu99;
				GCC_NO_COMMON_BLOCKS = YES;
				GCC_WARN_64_TO_32_BIT_CONVERSION = YES;
				GCC_WARN_ABOUT_RETURN_TYPE = YES_ERROR;
				GCC_WARN_UNDECLARED_SELECTOR = YES;
				GCC_WARN_UNINITIALIZED_AUTOS = YES_AGGRESSIVE;
				GCC_WARN_UNUSED_FUNCTION = YES;
				GCC_WARN_UNUSED_VARIABLE = YES;
				IPHONEOS_DEPLOYMENT_TARGET = 9.3;
				MTL_ENABLE_DEBUG_INFO = NO;
				SDKROOT = iphoneos;
				VALIDATE_PRODUCT = YES;
			};
			name = Release;
		};
		D5EA82E61D810CF3004A85FC /* Debug */ = {
			isa = XCBuildConfiguration;
			buildSettings = {
				ASSETCATALOG_COMPILER_APPICON_NAME = AppIcon;
				INFOPLIST_FILE = Weibo/Info.plist;
				LD_RUNPATH_SEARCH_PATHS = "$(inherited) @executable_path/Frameworks";
				PRODUCT_BUNDLE_IDENTIFIER = Developer.Merlini.Weibo;
				PRODUCT_NAME = "$(TARGET_NAME)";
			};
			name = Debug;
		};
		D5EA82E71D810CF3004A85FC /* Release */ = {
			isa = XCBuildConfiguration;
			buildSettings = {
				ASSETCATALOG_COMPILER_APPICON_NAME = AppIcon;
				INFOPLIST_FILE = Weibo/Info.plist;
				LD_RUNPATH_SEARCH_PATHS = "$(inherited) @executable_path/Frameworks";
				PRODUCT_BUNDLE_IDENTIFIER = Developer.Merlini.Weibo;
				PRODUCT_NAME = "$(TARGET_NAME)";
			};
			name = Release;
		};
		D5EA82E91D810CF3004A85FC /* Debug */ = {
			isa = XCBuildConfiguration;
			buildSettings = {
				BUNDLE_LOADER = "$(TEST_HOST)";
				INFOPLIST_FILE = WeiboTests/Info.plist;
				LD_RUNPATH_SEARCH_PATHS = "$(inherited) @executable_path/Frameworks @loader_path/Frameworks";
				PRODUCT_BUNDLE_IDENTIFIER = Developer.Merlini.WeiboTests;
				PRODUCT_NAME = "$(TARGET_NAME)";
				TEST_HOST = "$(BUILT_PRODUCTS_DIR)/Weibo.app/Weibo";
			};
			name = Debug;
		};
		D5EA82EA1D810CF3004A85FC /* Release */ = {
			isa = XCBuildConfiguration;
			buildSettings = {
				BUNDLE_LOADER = "$(TEST_HOST)";
				INFOPLIST_FILE = WeiboTests/Info.plist;
				LD_RUNPATH_SEARCH_PATHS = "$(inherited) @executable_path/Frameworks @loader_path/Frameworks";
				PRODUCT_BUNDLE_IDENTIFIER = Developer.Merlini.WeiboTests;
				PRODUCT_NAME = "$(TARGET_NAME)";
				TEST_HOST = "$(BUILT_PRODUCTS_DIR)/Weibo.app/Weibo";
			};
			name = Release;
		};
		D5EA82EC1D810CF3004A85FC /* Debug */ = {
			isa = XCBuildConfiguration;
			buildSettings = {
				INFOPLIST_FILE = WeiboUITests/Info.plist;
				LD_RUNPATH_SEARCH_PATHS = "$(inherited) @executable_path/Frameworks @loader_path/Frameworks";
				PRODUCT_BUNDLE_IDENTIFIER = Developer.Merlini.WeiboUITests;
				PRODUCT_NAME = "$(TARGET_NAME)";
				TEST_TARGET_NAME = Weibo;
			};
			name = Debug;
		};
		D5EA82ED1D810CF3004A85FC /* Release */ = {
			isa = XCBuildConfiguration;
			buildSettings = {
				INFOPLIST_FILE = WeiboUITests/Info.plist;
				LD_RUNPATH_SEARCH_PATHS = "$(inherited) @executable_path/Frameworks @loader_path/Frameworks";
				PRODUCT_BUNDLE_IDENTIFIER = Developer.Merlini.WeiboUITests;
				PRODUCT_NAME = "$(TARGET_NAME)";
				TEST_TARGET_NAME = Weibo;
			};
			name = Release;
		};
/* End XCBuildConfiguration section */

/* Begin XCConfigurationList section */
		D5EA82B81D810CF2004A85FC /* Build configuration list for PBXProject "Weibo" */ = {
			isa = XCConfigurationList;
			buildConfigurations = (
				D5EA82E31D810CF3004A85FC /* Debug */,
				D5EA82E41D810CF3004A85FC /* Release */,
			);
			defaultConfigurationIsVisible = 0;
			defaultConfigurationName = Release;
		};
		D5EA82E51D810CF3004A85FC /* Build configuration list for PBXNativeTarget "Weibo" */ = {
			isa = XCConfigurationList;
			buildConfigurations = (
				D5EA82E61D810CF3004A85FC /* Debug */,
				D5EA82E71D810CF3004A85FC /* Release */,
			);
			defaultConfigurationIsVisible = 0;
		};
		D5EA82E81D810CF3004A85FC /* Build configuration list for PBXNativeTarget "WeiboTests" */ = {
			isa = XCConfigurationList;
			buildConfigurations = (
				D5EA82E91D810CF3004A85FC /* Debug */,
				D5EA82EA1D810CF3004A85FC /* Release */,
			);
			defaultConfigurationIsVisible = 0;
		};
		D5EA82EB1D810CF3004A85FC /* Build configuration list for PBXNativeTarget "WeiboUITests" */ = {
			isa = XCConfigurationList;
			buildConfigurations = (
				D5EA82EC1D810CF3004A85FC /* Debug */,
				D5EA82ED1D810CF3004A85FC /* Release */,
			);
			defaultConfigurationIsVisible = 0;
		};
/* End XCConfigurationList section */
	};
	rootObject = D5EA82B51D810CF2004A85FC /* Project object */;
}
